
Microsoft Visual Studio Solution File, Format Version 12.00
# Visual Studio 15
VisualStudioVersion = 15.0.28307.852
MinimumVisualStudioVersion = 10.0.40219.1
Project("{FAE04EC0-301F-11D3-BF4B-00C04F79EFBC}") = "Personas", "Personas\Personas.csproj", "{D25C9520-415D-4610-AE0D-D1E65AD3EC88}"
EndProject
Global
	GlobalSection(SolutionConfigurationPlatforms) = preSolution
		Debug|Any CPU = Debug|Any CPU
		Release|Any CPU = Release|Any CPU
	EndGlobalSection
	GlobalSection(ProjectConfigurationPlatforms) = postSolution
		{D25C9520-415D-4610-AE0D-D1E65AD3EC88}.Debug|Any CPU.ActiveCfg = Debug|Any CPU
		{D25C9520-415D-4610-AE0D-D1E65AD3EC88}.Debug|Any CPU.Build.0 = Debug|Any CPU
		{D25C9520-415D-4610-AE0D-D1E65AD3EC88}.Release|Any CPU.ActiveCfg = Release|Any CPU
		{D25C9520-415D-4610-AE0D-D1E65AD3EC88}.Release|Any CPU.Build.0 = Release|Any CPU
	EndGlobalSection
	GlobalSection(SolutionProperties) = preSolution
		HideSolutionNode = FALSE
	EndGlobalSection
	GlobalSection(ExtensibilityGlobals) = postSolution
		SolutionGuid = {8A0F35AC-9918-429D-BBED-8099A4252347}
	EndGlobalSection
EndGlobal
